
Microsoft Visual Studio Solution File, Format Version 12.00
# Visual Studio 15
VisualStudioVersion = 15.0.27004.2005
MinimumVisualStudioVersion = 10.0.40219.1
Project("{FAE04EC0-301F-11D3-BF4B-00C04F79EFBC}") = "GitTest", "GitTest\GitTest.csproj", "{399AC700-1DCD-48F4-8F61-F8A822F7A52B}"
EndProject
Global
	GlobalSection(SolutionConfigurationPlatforms) = preSolution
		Debug|Any CPU = Debug|Any CPU
		Release|Any CPU = Release|Any CPU
	EndGlobalSection
	GlobalSection(ProjectConfigurationPlatforms) = postSolution
		{399AC700-1DCD-48F4-8F61-F8A822F7A52B}.Debug|Any CPU.ActiveCfg = Debug|Any CPU
		{399AC700-1DCD-48F4-8F61-F8A822F7A52B}.Debug|Any CPU.Build.0 = Debug|Any CPU
		{399AC700-1DCD-48F4-8F61-F8A822F7A52B}.Release|Any CPU.ActiveCfg = Release|Any CPU
		{399AC700-1DCD-48F4-8F61-F8A822F7A52B}.Release|Any CPU.Build.0 = Release|Any CPU
	EndGlobalSection
	GlobalSection(SolutionProperties) = preSolution
		HideSolutionNode = FALSE
	EndGlobalSection
	GlobalSection(ExtensibilityGlobals) = postSolution
		SolutionGuid = {E09C5A56-A4F2-40AB-AD85-3BF3428A74FA}
	EndGlobalSection
EndGlobal
